
Microsoft Visual Studio Solution File, Format Version 12.00
# Visual Studio Version 17
VisualStudioVersion = 17.1.32421.90
MinimumVisualStudioVersion = 10.0.40219.1
Project("{FAE04EC0-301F-11D3-BF4B-00C04F79EFBC}") = "TT_LT.NET__BTL", "TT_LT.NET__BTL\TT_LT.NET__BTL.csproj", "{6DCD221A-1853-4546-AE73-2321AEC80D34}"
EndProject
Global
	GlobalSection(SolutionConfigurationPlatforms) = preSolution
		Debug|Any CPU = Debug|Any CPU
		Release|Any CPU = Release|Any CPU
	EndGlobalSection
	GlobalSection(ProjectConfigurationPlatforms) = postSolution
		{6DCD221A-1853-4546-AE73-2321AEC80D34}.Debug|Any CPU.ActiveCfg = Debug|Any CPU
		{6DCD221A-1853-4546-AE73-2321AEC80D34}.Debug|Any CPU.Build.0 = Debug|Any CPU
		{6DCD221A-1853-4546-AE73-2321AEC80D34}.Release|Any CPU.ActiveCfg = Release|Any CPU
		{6DCD221A-1853-4546-AE73-2321AEC80D34}.Release|Any CPU.Build.0 = Release|Any CPU
	EndGlobalSection
	GlobalSection(SolutionProperties) = preSolution
		HideSolutionNode = FALSE
	EndGlobalSection
	GlobalSection(ExtensibilityGlobals) = postSolution
		SolutionGuid = {DB975415-2316-4B14-A43E-DC783D8158BD}
	EndGlobalSection
EndGlobal
